
Microsoft Visual Studio Solution File, Format Version 12.00
# Visual Studio Version 16
VisualStudioVersion = 16.0.30503.244
MinimumVisualStudioVersion = 15.0.26124.0
Project("{9A19103F-16F7-4668-BE54-9A1E7A4F7556}") = "Domain", "Domain\Domain.csproj", "{E5358DDF-3BBA-45F5-9968-23FF73BC68F7}"
EndProject
Project("{9A19103F-16F7-4668-BE54-9A1E7A4F7556}") = "Application", "Application\Application.csproj", "{83364DD6-D281-4B27-A657-022C741E9AB9}"
EndProject
Project("{9A19103F-16F7-4668-BE54-9A1E7A4F7556}") = "API", "API\API.csproj", "{34C97267-ADE4-471F-9A56-6354BFF61399}"
EndProject
Project("{9A19103F-16F7-4668-BE54-9A1E7A4F7556}") = "Infrastructure", "Infrastructure\Infrastructure.csproj", "{DDA9AA57-817E-46C7-A5FD-7895C6B31BBE}"
EndProject
Project("{9A19103F-16F7-4668-BE54-9A1E7A4F7556}") = "Persistence", "Persistence\Persistence.csproj", "{BC6F93AA-5240-41D1-9407-17FA97484795}"
EndProject
Global
	GlobalSection(SolutionConfigurationPlatforms) = preSolution
		Debug|Any CPU = Debug|Any CPU
		Debug|x64 = Debug|x64
		Debug|x86 = Debug|x86
		Release|Any CPU = Release|Any CPU
		Release|x64 = Release|x64
		Release|x86 = Release|x86
	EndGlobalSection
	GlobalSection(ProjectConfigurationPlatforms) = postSolution
		{E5358DDF-3BBA-45F5-9968-23FF73BC68F7}.Debug|Any CPU.ActiveCfg = Debug|Any CPU
		{E5358DDF-3BBA-45F5-9968-23FF73BC68F7}.Debug|Any CPU.Build.0 = Debug|Any CPU
		{E5358DDF-3BBA-45F5-9968-23FF73BC68F7}.Debug|x64.ActiveCfg = Debug|Any CPU
		{E5358DDF-3BBA-45F5-9968-23FF73BC68F7}.Debug|x64.Build.0 = Debug|Any CPU
		{E5358DDF-3BBA-45F5-9968-23FF73BC68F7}.Debug|x86.ActiveCfg = Debug|Any CPU
		{E5358DDF-3BBA-45F5-9968-23FF73BC68F7}.Debug|x86.Build.0 = Debug|Any CPU
		{E5358DDF-3BBA-45F5-9968-23FF73BC68F7}.Release|Any CPU.ActiveCfg = Release|Any CPU
		{E5358DDF-3BBA-45F5-9968-23FF73BC68F7}.Release|Any CPU.Build.0 = Release|Any CPU
		{E5358DDF-3BBA-45F5-9968-23FF73BC68F7}.Release|x64.ActiveCfg = Release|Any CPU
		{E5358DDF-3BBA-45F5-9968-23FF73BC68F7}.Release|x64.Build.0 = Release|Any CPU
		{E5358DDF-3BBA-45F5-9968-23FF73BC68F7}.Release|x86.ActiveCfg = Release|Any CPU
		{E5358DDF-3BBA-45F5-9968-23FF73BC68F7}.Release|x86.Build.0 = Release|Any CPU
		{83364DD6-D281-4B27-A657-022C741E9AB9}.Debug|Any CPU.ActiveCfg = Debug|Any CPU
		{83364DD6-D281-4B27-A657-022C741E9AB9}.Debug|Any CPU.Build.0 = Debug|Any CPU
		{83364DD6-D281-4B27-A657-022C741E9AB9}.Debug|x64.ActiveCfg = Debug|Any CPU
		{83364DD6-D281-4B27-A657-022C741E9AB9}.Debug|x64.Build.0 = Debug|Any CPU
		{83364DD6-D281-4B27-A657-022C741E9AB9}.Debug|x86.ActiveCfg = Debug|Any CPU
		{83364DD6-D281-4B27-A657-022C741E9AB9}.Debug|x86.Build.0 = Debug|Any CPU
		{83364DD6-D281-4B27-A657-022C741E9AB9}.Release|Any CPU.ActiveCfg = Release|Any CPU
		{83364DD6-D281-4B27-A657-022C741E9AB9}.Release|Any CPU.Build.0 = Release|Any CPU
		{83364DD6-D281-4B27-A657-022C741E9AB9}.Release|x64.ActiveCfg = Release|Any CPU
		{83364DD6-D281-4B27-A657-022C741E9AB9}.Release|x64.Build.0 = Release|Any CPU
		{83364DD6-D281-4B27-A657-022C741E9AB9}.Release|x86.ActiveCfg = Release|Any CPU
		{83364DD6-D281-4B27-A657-022C741E9AB9}.Release|x86.Build.0 = Release|Any CPU
		{34C97267-ADE4-471F-9A56-6354BFF61399}.Debug|Any CPU.ActiveCfg = Debug|Any CPU
		{34C97267-ADE4-471F-9A56-6354BFF61399}.Debug|Any CPU.Build.0 = Debug|Any CPU
		{34C97267-ADE4-471F-9A56-6354BFF61399}.Debug|x64.ActiveCfg = Debug|Any CPU
		{34C97267-ADE4-471F-9A56-6354BFF61399}.Debug|x64.Build.0 = Debug|Any CPU
		{34C97267-ADE4-471F-9A56-6354BFF61399}.Debug|x86.ActiveCfg = Debug|Any CPU
		{34C97267-ADE4-471F-9A56-6354BFF61399}.Debug|x86.Build.0 = Debug|Any CPU
		{34C97267-ADE4-471F-9A56-6354BFF61399}.Release|Any CPU.ActiveCfg = Release|Any CPU
		{34C97267-ADE4-471F-9A56-6354BFF61399}.Release|Any CPU.Build.0 = Release|Any CPU
		{34C97267-ADE4-471F-9A56-6354BFF61399}.Release|x64.ActiveCfg = Release|Any CPU
		{34C97267-ADE4-471F-9A56-6354BFF61399}.Release|x64.Build.0 = Release|Any CPU
		{34C97267-ADE4-471F-9A56-6354BFF61399}.Release|x86.ActiveCfg = Release|Any CPU
		{34C97267-ADE4-471F-9A56-6354BFF61399}.Release|x86.Build.0 = Release|Any CPU
		{DDA9AA57-817E-46C7-A5FD-7895C6B31BBE}.Debug|Any CPU.ActiveCfg = Debug|Any CPU
		{DDA9AA57-817E-46C7-A5FD-7895C6B31BBE}.Debug|Any CPU.Build.0 = Debug|Any CPU
		{DDA9AA57-817E-46C7-A5FD-7895C6B31BBE}.Debug|x64.ActiveCfg = Debug|Any CPU
		{DDA9AA57-817E-46C7-A5FD-7895C6B31BBE}.Debug|x64.Build.0 = Debug|Any CPU
		{DDA9AA57-817E-46C7-A5FD-7895C6B31BBE}.Debug|x86.ActiveCfg = Debug|Any CPU
		{DDA9AA57-817E-46C7-A5FD-7895C6B31BBE}.Debug|x86.Build.0 = Debug|Any CPU
		{DDA9AA57-817E-46C7-A5FD-7895C6B31BBE}.Release|Any CPU.ActiveCfg = Release|Any CPU
		{DDA9AA57-817E-46C7-A5FD-7895C6B31BBE}.Release|Any CPU.Build.0 = Release|Any CPU
		{DDA9AA57-817E-46C7-A5FD-7895C6B31BBE}.Release|x64.ActiveCfg = Release|Any CPU
		{DDA9AA57-817E-46C7-A5FD-7895C6B31BBE}.Release|x64.Build.0 = Release|Any CPU
		{DDA9AA57-817E-46C7-A5FD-7895C6B31BBE}.Release|x86.ActiveCfg = Release|Any CPU
		{DDA9AA57-817E-46C7-A5FD-7895C6B31BBE}.Release|x86.Build.0 = Release|Any CPU
		{BC6F93AA-5240-41D1-9407-17FA97484795}.Debug|Any CPU.ActiveCfg = Debug|Any CPU
		{BC6F93AA-5240-41D1-9407-17FA97484795}.Debug|Any CPU.Build.0 = Debug|Any CPU
		{BC6F93AA-5240-41D1-9407-17FA97484795}.Debug|x64.ActiveCfg = Debug|Any CPU
		{BC6F93AA-5240-41D1-9407-17FA97484795}.Debug|x64.Build.0 = Debug|Any CPU
		{BC6F93AA-5240-41D1-9407-17FA97484795}.Debug|x86.ActiveCfg = Debug|Any CPU
		{BC6F93AA-5240-41D1-9407-17FA97484795}.Debug|x86.Build.0 = Debug|Any CPU
		{BC6F93AA-5240-41D1-9407-17FA97484795}.Release|Any CPU.ActiveCfg = Release|Any CPU
		{BC6F93AA-5240-41D1-9407-17FA97484795}.Release|Any CPU.Build.0 = Release|Any CPU
		{BC6F93AA-5240-41D1-9407-17FA97484795}.Release|x64.ActiveCfg = Release|Any CPU
		{BC6F93AA-5240-41D1-9407-17FA97484795}.Release|x64.Build.0 = Release|Any CPU
		{BC6F93AA-5240-41D1-9407-17FA97484795}.Release|x86.ActiveCfg = Release|Any CPU
		{BC6F93AA-5240-41D1-9407-17FA97484795}.Release|x86.Build.0 = Release|Any CPU
	EndGlobalSection
	GlobalSection(SolutionProperties) = preSolution
		HideSolutionNode = FALSE
	EndGlobalSection
	GlobalSection(ExtensibilityGlobals) = postSolution
		SolutionGuid = {4AE56BEF-4CB2-4ABC-A1DB-8903EBF9A437}
	EndGlobalSection
EndGlobal
